// !$*UTF8*$!
{
	archiveVersion = 1;
	classes = {
	};
	objectVersion = 51;
	objects = {

/* Begin PBXBuildFile section */
		10FE90A606F4B9EE60208BC1 /* Pods_MediaZone.framework in Frameworks */ = {isa = PBXBuildFile; fileRef = B0FC2E9468243E49A91E6E8D /* Pods_MediaZone.framework */; };
		EB54D8C92341CC2D00E41E09 /* AppDelegate.swift in Sources */ = {isa = PBXBuildFile; fileRef = EB54D8C82341CC2D00E41E09 /* AppDelegate.swift */; };
		EB54D8D02341CC3000E41E09 /* Assets.xcassets in Resources */ = {isa = PBXBuildFile; fileRef = EB54D8CF2341CC3000E41E09 /* Assets.xcassets */; };
		EB54D8D32341CC3000E41E09 /* LaunchScreen.storyboard in Resources */ = {isa = PBXBuildFile; fileRef = EB54D8D12341CC3000E41E09 /* LaunchScreen.storyboard */; };
		EB54D8E62341D07400E41E09 /* NewsListPresenter.swift in Sources */ = {isa = PBXBuildFile; fileRef = EB54D8DF2341D07400E41E09 /* NewsListPresenter.swift */; };
		EB54D8E72341D07400E41E09 /* NewsListRouter.swift in Sources */ = {isa = PBXBuildFile; fileRef = EB54D8E02341D07400E41E09 /* NewsListRouter.swift */; };
		EB54D8E82341D07400E41E09 /* NewsListContracts.swift in Sources */ = {isa = PBXBuildFile; fileRef = EB54D8E12341D07400E41E09 /* NewsListContracts.swift */; };
		EB54D8E92341D07400E41E09 /* NewsListInteractor.swift in Sources */ = {isa = PBXBuildFile; fileRef = EB54D8E22341D07400E41E09 /* NewsListInteractor.swift */; };
		EB54D8EA2341D07400E41E09 /* NewsListView.swift in Sources */ = {isa = PBXBuildFile; fileRef = EB54D8E32341D07400E41E09 /* NewsListView.swift */; };
		EB54D8EB2341D07400E41E09 /* NewsListEntity.swift in Sources */ = {isa = PBXBuildFile; fileRef = EB54D8E42341D07400E41E09 /* NewsListEntity.swift */; };
		EB54D8EE2341D0CE00E41E09 /* NewsList.storyboard in Resources */ = {isa = PBXBuildFile; fileRef = EB54D8ED2341D0CE00E41E09 /* NewsList.storyboard */; };
		EB54D8F02341D15000E41E09 /* RSSFeed.swift in Sources */ = {isa = PBXBuildFile; fileRef = EB54D8EF2341D15000E41E09 /* RSSFeed.swift */; };
		EB54D8F42341DD8300E41E09 /* NewsTableViewCell.swift in Sources */ = {isa = PBXBuildFile; fileRef = EB54D8F22341DD8300E41E09 /* NewsTableViewCell.swift */; };
		EB54D8F52341DD8300E41E09 /* NewsTableViewCell.xib in Resources */ = {isa = PBXBuildFile; fileRef = EB54D8F32341DD8300E41E09 /* NewsTableViewCell.xib */; };
/* End PBXBuildFile section */

/* Begin PBXFileReference section */
		03F85B1CA5B40A3C2B2DA685 /* Pods-MediaZone.debug.xcconfig */ = {isa = PBXFileReference; includeInIndex = 1; lastKnownFileType = text.xcconfig; name = "Pods-MediaZone.debug.xcconfig"; path = "Target Support Files/Pods-MediaZone/Pods-MediaZone.debug.xcconfig"; sourceTree = "<group>"; };
		0F5976FD999432303F81CB6D /* Pods-MediaZone.release.xcconfig */ = {isa = PBXFileReference; includeInIndex = 1; lastKnownFileType = text.xcconfig; name = "Pods-MediaZone.release.xcconfig"; path = "Target Support Files/Pods-MediaZone/Pods-MediaZone.release.xcconfig"; sourceTree = "<group>"; };
		B0FC2E9468243E49A91E6E8D /* Pods_MediaZone.framework */ = {isa = PBXFileReference; explicitFileType = wrapper.framework; includeInIndex = 0; path = Pods_MediaZone.framework; sourceTree = BUILT_PRODUCTS_DIR; };
		EB54D8C52341CC2D00E41E09 /* MediaZone.app */ = {isa = PBXFileReference; explicitFileType = wrapper.application; includeInIndex = 0; path = MediaZone.app; sourceTree = BUILT_PRODUCTS_DIR; };
		EB54D8C82341CC2D00E41E09 /* AppDelegate.swift */ = {isa = PBXFileReference; lastKnownFileType = sourcecode.swift; path = AppDelegate.swift; sourceTree = "<group>"; };
		EB54D8CF2341CC3000E41E09 /* Assets.xcassets */ = {isa = PBXFileReference; lastKnownFileType = folder.assetcatalog; path = Assets.xcassets; sourceTree = "<group>"; };
		EB54D8D22341CC3000E41E09 /* Base */ = {isa = PBXFileReference; lastKnownFileType = file.storyboard; name = Base; path = Base.lproj/LaunchScreen.storyboard; sourceTree = "<group>"; };
		EB54D8D42341CC3000E41E09 /* Info.plist */ = {isa = PBXFileReference; lastKnownFileType = text.plist.xml; path = Info.plist; sourceTree = "<group>"; };
		EB54D8DF2341D07400E41E09 /* NewsListPresenter.swift */ = {isa = PBXFileReference; lastKnownFileType = sourcecode.swift; path = NewsListPresenter.swift; sourceTree = "<group>"; };
		EB54D8E02341D07400E41E09 /* NewsListRouter.swift */ = {isa = PBXFileReference; lastKnownFileType = sourcecode.swift; path = NewsListRouter.swift; sourceTree = "<group>"; };
		EB54D8E12341D07400E41E09 /* NewsListContracts.swift */ = {isa = PBXFileReference; lastKnownFileType = sourcecode.swift; path = NewsListContracts.swift; sourceTree = "<group>"; };
		EB54D8E22341D07400E41E09 /* NewsListInteractor.swift */ = {isa = PBXFileReference; lastKnownFileType = sourcecode.swift; path = NewsListInteractor.swift; sourceTree = "<group>"; };
		EB54D8E32341D07400E41E09 /* NewsListView.swift */ = {isa = PBXFileReference; lastKnownFileType = sourcecode.swift; path = NewsListView.swift; sourceTree = "<group>"; };
		EB54D8E42341D07400E41E09 /* NewsListEntity.swift */ = {isa = PBXFileReference; lastKnownFileType = sourcecode.swift; path = NewsListEntity.swift; sourceTree = "<group>"; };
		EB54D8ED2341D0CE00E41E09 /* NewsList.storyboard */ = {isa = PBXFileReference; lastKnownFileType = file.storyboard; path = NewsList.storyboard; sourceTree = "<group>"; };
		EB54D8EF2341D15000E41E09 /* RSSFeed.swift */ = {isa = PBXFileReference; lastKnownFileType = sourcecode.swift; path = RSSFeed.swift; sourceTree = "<group>"; };
		EB54D8F22341DD8300E41E09 /* NewsTableViewCell.swift */ = {isa = PBXFileReference; lastKnownFileType = sourcecode.swift; path = NewsTableViewCell.swift; sourceTree = "<group>"; };
		EB54D8F32341DD8300E41E09 /* NewsTableViewCell.xib */ = {isa = PBXFileReference; lastKnownFileType = file.xib; path = NewsTableViewCell.xib; sourceTree = "<group>"; };
/* End PBXFileReference section */

/* Begin PBXFrameworksBuildPhase section */
		EB54D8C22341CC2D00E41E09 /* Frameworks */ = {
			isa = PBXFrameworksBuildPhase;
			buildActionMask = 2147483647;
			files = (
				10FE90A606F4B9EE60208BC1 /* Pods_MediaZone.framework in Frameworks */,
			);
			runOnlyForDeploymentPostprocessing = 0;
		};
/* End PBXFrameworksBuildPhase section */

/* Begin PBXGroup section */
		93052D0DD476B0D70A2949E6 /* Frameworks */ = {
			isa = PBXGroup;
			children = (
				B0FC2E9468243E49A91E6E8D /* Pods_MediaZone.framework */,
			);
			name = Frameworks;
			sourceTree = "<group>";
		};
		EB54D8BC2341CC2D00E41E09 = {
			isa = PBXGroup;
			children = (
				EB54D8C72341CC2D00E41E09 /* MediaZone */,
				EB54D8C62341CC2D00E41E09 /* Products */,
				FBF377FC5DD9B62B8452B657 /* Pods */,
				93052D0DD476B0D70A2949E6 /* Frameworks */,
			);
			sourceTree = "<group>";
		};
		EB54D8C62341CC2D00E41E09 /* Products */ = {
			isa = PBXGroup;
			children = (
				EB54D8C52341CC2D00E41E09 /* MediaZone.app */,
			);
			name = Products;
			sourceTree = "<group>";
		};
		EB54D8C72341CC2D00E41E09 /* MediaZone */ = {
			isa = PBXGroup;
			children = (
				EB54D8DC2341D03B00E41E09 /* Support Files and Classes */,
				EB54D8DB2341D00300E41E09 /* Main */,
				EB54D8DA2341CFF000E41E09 /* Modules */,
				EB54D8D42341CC3000E41E09 /* Info.plist */,
			);
			path = MediaZone;
			sourceTree = "<group>";
		};
		EB54D8DA2341CFF000E41E09 /* Modules */ = {
			isa = PBXGroup;
			children = (
				EB54D8EC2341D07A00E41E09 /* News List */,
			);
			path = Modules;
			sourceTree = "<group>";
		};
		EB54D8DB2341D00300E41E09 /* Main */ = {
			isa = PBXGroup;
			children = (
				EB54D8D12341CC3000E41E09 /* LaunchScreen.storyboard */,
				EB54D8CF2341CC3000E41E09 /* Assets.xcassets */,
				EB54D8C82341CC2D00E41E09 /* AppDelegate.swift */,
			);
			path = Main;
			sourceTree = "<group>";
		};
		EB54D8DC2341D03B00E41E09 /* Support Files and Classes */ = {
			isa = PBXGroup;
			children = (
				EB54D8DD2341D05000E41E09 /* Classes */,
			);
			path = "Support Files and Classes";
			sourceTree = "<group>";
		};
		EB54D8DD2341D05000E41E09 /* Classes */ = {
			isa = PBXGroup;
			children = (
				EB54D8EF2341D15000E41E09 /* RSSFeed.swift */,
			);
			path = Classes;
			sourceTree = "<group>";
		};
		EB54D8EC2341D07A00E41E09 /* News List */ = {
			isa = PBXGroup;
			children = (
				EB54D8F12341DD6D00E41E09 /* TableView Cell */,
				EB54D8DF2341D07400E41E09 /* NewsListPresenter.swift */,
				EB54D8E02341D07400E41E09 /* NewsListRouter.swift */,
				EB54D8E12341D07400E41E09 /* NewsListContracts.swift */,
				EB54D8E22341D07400E41E09 /* NewsListInteractor.swift */,
				EB54D8E32341D07400E41E09 /* NewsListView.swift */,
				EB54D8E42341D07400E41E09 /* NewsListEntity.swift */,
				EB54D8ED2341D0CE00E41E09 /* NewsList.storyboard */,
			);
			path = "News List";
			sourceTree = "<group>";
		};
		EB54D8F12341DD6D00E41E09 /* TableView Cell */ = {
			isa = PBXGroup;
			children = (
				EB54D8F22341DD8300E41E09 /* NewsTableViewCell.swift */,
				EB54D8F32341DD8300E41E09 /* NewsTableViewCell.xib */,
			);
			path = "TableView Cell";
			sourceTree = "<group>";
		};
		FBF377FC5DD9B62B8452B657 /* Pods */ = {
			isa = PBXGroup;
			children = (
				03F85B1CA5B40A3C2B2DA685 /* Pods-MediaZone.debug.xcconfig */,
				0F5976FD999432303F81CB6D /* Pods-MediaZone.release.xcconfig */,
			);
			path = Pods;
			sourceTree = "<group>";
		};
/* End PBXGroup section */

/* Begin PBXNativeTarget section */
		EB54D8C42341CC2D00E41E09 /* MediaZone */ = {
			isa = PBXNativeTarget;
			buildConfigurationList = EB54D8D72341CC3000E41E09 /* Build configuration list for PBXNativeTarget "MediaZone" */;
			buildPhases = (
				12020614707422B9C2B19720 /* [CP] Check Pods Manifest.lock */,
				EB54D8C12341CC2D00E41E09 /* Sources */,
				EB54D8C22341CC2D00E41E09 /* Frameworks */,
				EB54D8C32341CC2D00E41E09 /* Resources */,
				2DAF37AE6C4EFC5AC0FF8AC2 /* [CP] Embed Pods Frameworks */,
			);
			buildRules = (
			);
			dependencies = (
			);
			name = MediaZone;
			productName = MediaZone;
			productReference = EB54D8C52341CC2D00E41E09 /* MediaZone.app */;
			productType = "com.apple.product-type.application";
		};
/* End PBXNativeTarget section */

/* Begin PBXProject section */
		EB54D8BD2341CC2D00E41E09 /* Project object */ = {
			isa = PBXProject;
			attributes = {
				LastSwiftUpdateCheck = 1030;
				LastUpgradeCheck = 1030;
				ORGANIZATIONNAME = "Алексей Матюшкин";
				TargetAttributes = {
					EB54D8C42341CC2D00E41E09 = {
						CreatedOnToolsVersion = 10.3;
					};
				};
			};
			buildConfigurationList = EB54D8C02341CC2D00E41E09 /* Build configuration list for PBXProject "MediaZone" */;
			compatibilityVersion = "Xcode 9.3";
			developmentRegion = en;
			hasScannedForEncodings = 0;
			knownRegions = (
				en,
				Base,
			);
			mainGroup = EB54D8BC2341CC2D00E41E09;
			productRefGroup = EB54D8C62341CC2D00E41E09 /* Products */;
			projectDirPath = "";
			projectRoot = "";
			targets = (
				EB54D8C42341CC2D00E41E09 /* MediaZone */,
			);
		};
/* End PBXProject section */

/* Begin PBXResourcesBuildPhase section */
		EB54D8C32341CC2D00E41E09 /* Resources */ = {
			isa = PBXResourcesBuildPhase;
			buildActionMask = 2147483647;
			files = (
				EB54D8D32341CC3000E41E09 /* LaunchScreen.storyboard in Resources */,
				EB54D8D02341CC3000E41E09 /* Assets.xcassets in Resources */,
				EB54D8F52341DD8300E41E09 /* NewsTableViewCell.xib in Resources */,
				EB54D8EE2341D0CE00E41E09 /* NewsList.storyboard in Resources */,
			);
			runOnlyForDeploymentPostprocessing = 0;
		};
/* End PBXResourcesBuildPhase section */

/* Begin PBXShellScriptBuildPhase section */
		12020614707422B9C2B19720 /* [CP] Check Pods Manifest.lock */ = {
			isa = PBXShellScriptBuildPhase;
			buildActionMask = 2147483647;
			files = (
			);
			inputFileListPaths = (
			);
			inputPaths = (
				"${PODS_PODFILE_DIR_PATH}/Podfile.lock",
				"${PODS_ROOT}/Manifest.lock",
			);
			name = "[CP] Check Pods Manifest.lock";
			outputFileListPaths = (
			);
			outputPaths = (
				"$(DERIVED_FILE_DIR)/Pods-MediaZone-checkManifestLockResult.txt",
			);
			runOnlyForDeploymentPostprocessing = 0;
			shellPath = /bin/sh;
			shellScript = "diff \"${PODS_PODFILE_DIR_PATH}/Podfile.lock\" \"${PODS_ROOT}/Manifest.lock\" > /dev/null\nif [ $? != 0 ] ; then\n    # print error to STDERR\n    echo \"error: The sandbox is not in sync with the Podfile.lock. Run 'pod install' or update your CocoaPods installation.\" >&2\n    exit 1\nfi\n# This output is used by Xcode 'outputs' to avoid re-running this script phase.\necho \"SUCCESS\" > \"${SCRIPT_OUTPUT_FILE_0}\"\n";
			showEnvVarsInLog = 0;
		};
		2DAF37AE6C4EFC5AC0FF8AC2 /* [CP] Embed Pods Frameworks */ = {
			isa = PBXShellScriptBuildPhase;
			buildActionMask = 2147483647;
			files = (
			);
			inputFileListPaths = (
				"${PODS_ROOT}/Target Support Files/Pods-MediaZone/Pods-MediaZone-frameworks-${CONFIGURATION}-input-files.xcfilelist",
			);
			name = "[CP] Embed Pods Frameworks";
			outputFileListPaths = (
				"${PODS_ROOT}/Target Support Files/Pods-MediaZone/Pods-MediaZone-frameworks-${CONFIGURATION}-output-files.xcfilelist",
			);
			runOnlyForDeploymentPostprocessing = 0;
			shellPath = /bin/sh;
			shellScript = "\"${PODS_ROOT}/Target Support Files/Pods-MediaZone/Pods-MediaZone-frameworks.sh\"\n";
			showEnvVarsInLog = 0;
		};
/* End PBXShellScriptBuildPhase section */

/* Begin PBXSourcesBuildPhase section */
		EB54D8C12341CC2D00E41E09 /* Sources */ = {
			isa = PBXSourcesBuildPhase;
			buildActionMask = 2147483647;
			files = (
				EB54D8C92341CC2D00E41E09 /* AppDelegate.swift in Sources */,
				EB54D8E92341D07400E41E09 /* NewsListInteractor.swift in Sources */,
				EB54D8E72341D07400E41E09 /* NewsListRouter.swift in Sources */,
				EB54D8EA2341D07400E41E09 /* NewsListView.swift in Sources */,
				EB54D8F02341D15000E41E09 /* RSSFeed.swift in Sources */,
				EB54D8E82341D07400E41E09 /* NewsListContracts.swift in Sources */,
				EB54D8EB2341D07400E41E09 /* NewsListEntity.swift in Sources */,
				EB54D8E62341D07400E41E09 /* NewsListPresenter.swift in Sources */,
				EB54D8F42341DD8300E41E09 /* NewsTableViewCell.swift in Sources */,
			);
			runOnlyForDeploymentPostprocessing = 0;
		};
/* End PBXSourcesBuildPhase section */

/* Begin PBXVariantGroup section */
		EB54D8D12341CC3000E41E09 /* LaunchScreen.storyboard */ = {
			isa = PBXVariantGroup;
			children = (
				EB54D8D22341CC3000E41E09 /* Base */,
			);
			name = LaunchScreen.storyboard;
			sourceTree = "<group>";
		};
/* End PBXVariantGroup section */

/* Begin XCBuildConfiguration section */
		EB54D8D52341CC3000E41E09 /* Debug */ = {
			isa = XCBuildConfiguration;
			buildSettings = {
				ALWAYS_SEARCH_USER_PATHS = NO;
				CLANG_ANALYZER_NONNULL = YES;
				CLANG_ANALYZER_NUMBER_OBJECT_CONVERSION = YES_AGGRESSIVE;
				CLANG_CXX_LANGUAGE_STANDARD = "gnu++14";
				CLANG_CXX_LIBRARY = "libc++";
				CLANG_ENABLE_MODULES = YES;
				CLANG_ENABLE_OBJC_ARC = YES;
				CLANG_ENABLE_OBJC_WEAK = YES;
				CLANG_WARN_BLOCK_CAPTURE_AUTORELEASING = YES;
				CLANG_WARN_BOOL_CONVERSION = YES;
				CLANG_WARN_COMMA = YES;
				CLANG_WARN_CONSTANT_CONVERSION = YES;
				CLANG_WARN_DEPRECATED_OBJC_IMPLEMENTATIONS = YES;
				CLANG_WARN_DIRECT_OBJC_ISA_USAGE = YES_ERROR;
				CLANG_WARN_DOCUMENTATION_COMMENTS = YES;
				CLANG_WARN_EMPTY_BODY = YES;
				CLANG_WARN_ENUM_CONVERSION = YES;
				CLANG_WARN_INFINITE_RECURSION = YES;
				CLANG_WARN_INT_CONVERSION = YES;
				CLANG_WARN_NON_LITERAL_NULL_CONVERSION = YES;
				CLANG_WARN_OBJC_IMPLICIT_RETAIN_SELF = YES;
				CLANG_WARN_OBJC_LITERAL_CONVERSION = YES;
				CLANG_WARN_OBJC_ROOT_CLASS = YES_ERROR;
				CLANG_WARN_RANGE_LOOP_ANALYSIS = YES;
				CLANG_WARN_STRICT_PROTOTYPES = YES;
				CLANG_WARN_SUSPICIOUS_MOVE = YES;
				CLANG_WARN_UNGUARDED_AVAILABILITY = YES_AGGRESSIVE;
				CLANG_WARN_UNREACHABLE_CODE = YES;
				CLANG_WARN__DUPLICATE_METHOD_MATCH = YES;
				CODE_SIGN_IDENTITY = "iPhone Developer";
				COPY_PHASE_STRIP = NO;
				DEBUG_INFORMATION_FORMAT = dwarf;
				ENABLE_STRICT_OBJC_MSGSEND = YES;
				ENABLE_TESTABILITY = YES;
				GCC_C_LANGUAGE_STANDARD = gnu11;
				GCC_DYNAMIC_NO_PIC = NO;
				GCC_NO_COMMON_BLOCKS = YES;
				GCC_OPTIMIZATION_LEVEL = 0;
				GCC_PREPROCESSOR_DEFINITIONS = (
					"DEBUG=1",
					"$(inherited)",
				);
				GCC_WARN_64_TO_32_BIT_CONVERSION = YES;
				GCC_WARN_ABOUT_RETURN_TYPE = YES_ERROR;
				GCC_WARN_UNDECLARED_SELECTOR = YES;
				GCC_WARN_UNINITIALIZED_AUTOS = YES_AGGRESSIVE;
				GCC_WARN_UNUSED_FUNCTION = YES;
				GCC_WARN_UNUSED_VARIABLE = YES;
				IPHONEOS_DEPLOYMENT_TARGET = 12.4;
				MTL_ENABLE_DEBUG_INFO = INCLUDE_SOURCE;
				MTL_FAST_MATH = YES;
				ONLY_ACTIVE_ARCH = YES;
				SDKROOT = iphoneos;
				SWIFT_ACTIVE_COMPILATION_CONDITIONS = DEBUG;
				SWIFT_OPTIMIZATION_LEVEL = "-Onone";
			};
			name = Debug;
		};
		EB54D8D62341CC3000E41E09 /* Release */ = {
			isa = XCBuildConfiguration;
			buildSettings = {
				ALWAYS_SEARCH_USER_PATHS = NO;
				CLANG_ANALYZER_NONNULL = YES;
				CLANG_ANALYZER_NUMBER_OBJECT_CONVERSION = YES_AGGRESSIVE;
				CLANG_CXX_LANGUAGE_STANDARD = "gnu++14";
				CLANG_CXX_LIBRARY = "libc++";
				CLANG_ENABLE_MODULES = YES;
				CLANG_ENABLE_OBJC_ARC = YES;
				CLANG_ENABLE_OBJC_WEAK = YES;
				CLANG_WARN_BLOCK_CAPTURE_AUTORELEASING = YES;
				CLANG_WARN_BOOL_CONVERSION = YES;
				CLANG_WARN_COMMA = YES;
				CLANG_WARN_CONSTANT_CONVERSION = YES;
				CLANG_WARN_DEPRECATED_OBJC_IMPLEMENTATIONS = YES;
				CLANG_WARN_DIRECT_OBJC_ISA_USAGE = YES_ERROR;
				CLANG_WARN_DOCUMENTATION_COMMENTS = YES;
				CLANG_WARN_EMPTY_BODY = YES;
				CLANG_WARN_ENUM_CONVERSION = YES;
				CLANG_WARN_INFINITE_RECURSION = YES;
				CLANG_WARN_INT_CONVERSION = YES;
				CLANG_WARN_NON_LITERAL_NULL_CONVERSION = YES;
				CLANG_WARN_OBJC_IMPLICIT_RETAIN_SELF = YES;
				CLANG_WARN_OBJC_LITERAL_CONVERSION = YES;
				CLANG_WARN_OBJC_ROOT_CLASS = YES_ERROR;
				CLANG_WARN_RANGE_LOOP_ANALYSIS = YES;
				CLANG_WARN_STRICT_PROTOTYPES = YES;
				CLANG_WARN_SUSPICIOUS_MOVE = YES;
				CLANG_WARN_UNGUARDED_AVAILABILITY = YES_AGGRESSIVE;
				CLANG_WARN_UNREACHABLE_CODE = YES;
				CLANG_WARN__DUPLICATE_METHOD_MATCH = YES;
				CODE_SIGN_IDENTITY = "iPhone Developer";
				COPY_PHASE_STRIP = NO;
				DEBUG_INFORMATION_FORMAT = "dwarf-with-dsym";
				ENABLE_NS_ASSERTIONS = NO;
				ENABLE_STRICT_OBJC_MSGSEND = YES;
				GCC_C_LANGUAGE_STANDARD = gnu11;
				GCC_NO_COMMON_BLOCKS = YES;
				GCC_WARN_64_TO_32_BIT_CONVERSION = YES;
				GCC_WARN_ABOUT_RETURN_TYPE = YES_ERROR;
				GCC_WARN_UNDECLARED_SELECTOR = YES;
				GCC_WARN_UNINITIALIZED_AUTOS = YES_AGGRESSIVE;
				GCC_WARN_UNUSED_FUNCTION = YES;
				GCC_WARN_UNUSED_VARIABLE = YES;
				IPHONEOS_DEPLOYMENT_TARGET = 12.4;
				MTL_ENABLE_DEBUG_INFO = NO;
				MTL_FAST_MATH = YES;
				SDKROOT = iphoneos;
				SWIFT_COMPILATION_MODE = wholemodule;
				SWIFT_OPTIMIZATION_LEVEL = "-O";
				VALIDATE_PRODUCT = YES;
			};
			name = Release;
		};
		EB54D8D82341CC3000E41E09 /* Debug */ = {
			isa = XCBuildConfiguration;
			baseConfigurationReference = 03F85B1CA5B40A3C2B2DA685 /* Pods-MediaZone.debug.xcconfig */;
			buildSettings = {
				ASSETCATALOG_COMPILER_APPICON_NAME = AppIcon;
				CODE_SIGN_STYLE = Automatic;
				DEVELOPMENT_TEAM = 6MWV6L83AV;
				INFOPLIST_FILE = MediaZone/Info.plist;
				LD_RUNPATH_SEARCH_PATHS = (
					"$(inherited)",
					"@executable_path/Frameworks",
				);
				PRODUCT_BUNDLE_IDENTIFIER = home.MediaZone;
				PRODUCT_NAME = "$(TARGET_NAME)";
				SWIFT_VERSION = 5.0;
				TARGETED_DEVICE_FAMILY = "1,2";
			};
			name = Debug;
		};
		EB54D8D92341CC3000E41E09 /* Release */ = {
			isa = XCBuildConfiguration;
			baseConfigurationReference = 0F5976FD999432303F81CB6D /* Pods-MediaZone.release.xcconfig */;
			buildSettings = {
				ASSETCATALOG_COMPILER_APPICON_NAME = AppIcon;
				CODE_SIGN_STYLE = Automatic;
				DEVELOPMENT_TEAM = 6MWV6L83AV;
				INFOPLIST_FILE = MediaZone/Info.plist;
				LD_RUNPATH_SEARCH_PATHS = (
					"$(inherited)",
					"@executable_path/Frameworks",
				);
				PRODUCT_BUNDLE_IDENTIFIER = home.MediaZone;
				PRODUCT_NAME = "$(TARGET_NAME)";
				SWIFT_VERSION = 5.0;
				TARGETED_DEVICE_FAMILY = "1,2";
			};
			name = Release;
		};
/* End XCBuildConfiguration section */

/* Begin XCConfigurationList section */
		EB54D8C02341CC2D00E41E09 /* Build configuration list for PBXProject "MediaZone" */ = {
			isa = XCConfigurationList;
			buildConfigurations = (
				EB54D8D52341CC3000E41E09 /* Debug */,
				EB54D8D62341CC3000E41E09 /* Release */,
			);
			defaultConfigurationIsVisible = 0;
			defaultConfigurationName = Release;
		};
		EB54D8D72341CC3000E41E09 /* Build configuration list for PBXNativeTarget "MediaZone" */ = {
			isa = XCConfigurationList;
			buildConfigurations = (
				EB54D8D82341CC3000E41E09 /* Debug */,
				EB54D8D92341CC3000E41E09 /* Release */,
			);
			defaultConfigurationIsVisible = 0;
			defaultConfigurationName = Release;
		};
/* End XCConfigurationList section */
	};
	rootObject = EB54D8BD2341CC2D00E41E09 /* Project object */;
}
